
Microsoft Visual Studio Solution File, Format Version 12.00
# Visual Studio 2013
VisualStudioVersion = 12.0.31101.0
MinimumVisualStudioVersion = 10.0.40219.1
Project("{2150E333-8FDC-42A3-9474-1A3956D46DE8}") = "GameBlock", "GameBlock", "{D83B779B-5358-4873-83D4-2AA299BAE07E}"
EndProject
Project("{D954291E-2A0B-460D-934E-DC6B0785DB48}") = "GameBlock.Shared", "GameBlock\GameBlock\GameBlock.Shared\GameBlock.Shared.shproj", "{01CEA068-D7BB-44C6-9AD0-DE63859B7F32}"
EndProject
Project("{FAE04EC0-301F-11D3-BF4B-00C04F79EFBC}") = "GameBlock.Windows", "GameBlock\GameBlock\GameBlock.Windows\GameBlock.Windows.csproj", "{A1EB4DBC-3F56-4F16-BA0F-24A6BD0EAAE8}"
EndProject
Project("{FAE04EC0-301F-11D3-BF4B-00C04F79EFBC}") = "GameBlock.WindowsPhone", "GameBlock\GameBlock\GameBlock.WindowsPhone\GameBlock.WindowsPhone.csproj", "{AA9CEE1B-E78C-4F3D-B48D-792113B04FB5}"
EndProject
Global
	GlobalSection(SharedMSBuildProjectFiles) = preSolution
		GameBlock\GameBlock\GameBlock.Shared\GameBlock.Shared.projitems*{a1eb4dbc-3f56-4f16-ba0f-24a6bd0eaae8}*SharedItemsImports = 4
		GameBlock\GameBlock\GameBlock.Shared\GameBlock.Shared.projitems*{01cea068-d7bb-44c6-9ad0-de63859b7f32}*SharedItemsImports = 13
		GameBlock\GameBlock\GameBlock.Shared\GameBlock.Shared.projitems*{aa9cee1b-e78c-4f3d-b48d-792113b04fb5}*SharedItemsImports = 4
	EndGlobalSection
	GlobalSection(SolutionConfigurationPlatforms) = preSolution
		Debug|Any CPU = Debug|Any CPU
		Debug|ARM = Debug|ARM
		Debug|x64 = Debug|x64
		Debug|x86 = Debug|x86
		Release|Any CPU = Release|Any CPU
		Release|ARM = Release|ARM
		Release|x64 = Release|x64
		Release|x86 = Release|x86
	EndGlobalSection
	GlobalSection(ProjectConfigurationPlatforms) = postSolution
		{A1EB4DBC-3F56-4F16-BA0F-24A6BD0EAAE8}.Debug|Any CPU.ActiveCfg = Debug|Any CPU
		{A1EB4DBC-3F56-4F16-BA0F-24A6BD0EAAE8}.Debug|Any CPU.Build.0 = Debug|Any CPU
		{A1EB4DBC-3F56-4F16-BA0F-24A6BD0EAAE8}.Debug|Any CPU.Deploy.0 = Debug|Any CPU
		{A1EB4DBC-3F56-4F16-BA0F-24A6BD0EAAE8}.Debug|ARM.ActiveCfg = Debug|ARM
		{A1EB4DBC-3F56-4F16-BA0F-24A6BD0EAAE8}.Debug|ARM.Build.0 = Debug|ARM
		{A1EB4DBC-3F56-4F16-BA0F-24A6BD0EAAE8}.Debug|ARM.Deploy.0 = Debug|ARM
		{A1EB4DBC-3F56-4F16-BA0F-24A6BD0EAAE8}.Debug|x64.ActiveCfg = Debug|x64
		{A1EB4DBC-3F56-4F16-BA0F-24A6BD0EAAE8}.Debug|x64.Build.0 = Debug|x64
		{A1EB4DBC-3F56-4F16-BA0F-24A6BD0EAAE8}.Debug|x64.Deploy.0 = Debug|x64
		{A1EB4DBC-3F56-4F16-BA0F-24A6BD0EAAE8}.Debug|x86.ActiveCfg = Debug|x86
		{A1EB4DBC-3F56-4F16-BA0F-24A6BD0EAAE8}.Debug|x86.Build.0 = Debug|x86
		{A1EB4DBC-3F56-4F16-BA0F-24A6BD0EAAE8}.Debug|x86.Deploy.0 = Debug|x86
		{A1EB4DBC-3F56-4F16-BA0F-24A6BD0EAAE8}.Release|Any CPU.ActiveCfg = Release|Any CPU
		{A1EB4DBC-3F56-4F16-BA0F-24A6BD0EAAE8}.Release|Any CPU.Build.0 = Release|Any CPU
		{A1EB4DBC-3F56-4F16-BA0F-24A6BD0EAAE8}.Release|Any CPU.Deploy.0 = Release|Any CPU
		{A1EB4DBC-3F56-4F16-BA0F-24A6BD0EAAE8}.Release|ARM.ActiveCfg = Release|ARM
		{A1EB4DBC-3F56-4F16-BA0F-24A6BD0EAAE8}.Release|ARM.Build.0 = Release|ARM
		{A1EB4DBC-3F56-4F16-BA0F-24A6BD0EAAE8}.Release|ARM.Deploy.0 = Release|ARM
		{A1EB4DBC-3F56-4F16-BA0F-24A6BD0EAAE8}.Release|x64.ActiveCfg = Release|x64
		{A1EB4DBC-3F56-4F16-BA0F-24A6BD0EAAE8}.Release|x64.Build.0 = Release|x64
		{A1EB4DBC-3F56-4F16-BA0F-24A6BD0EAAE8}.Release|x64.Deploy.0 = Release|x64
		{A1EB4DBC-3F56-4F16-BA0F-24A6BD0EAAE8}.Release|x86.ActiveCfg = Release|x86
		{A1EB4DBC-3F56-4F16-BA0F-24A6BD0EAAE8}.Release|x86.Build.0 = Release|x86
		{A1EB4DBC-3F56-4F16-BA0F-24A6BD0EAAE8}.Release|x86.Deploy.0 = Release|x86
		{AA9CEE1B-E78C-4F3D-B48D-792113B04FB5}.Debug|Any CPU.ActiveCfg = Debug|Any CPU
		{AA9CEE1B-E78C-4F3D-B48D-792113B04FB5}.Debug|Any CPU.Build.0 = Debug|Any CPU
		{AA9CEE1B-E78C-4F3D-B48D-792113B04FB5}.Debug|Any CPU.Deploy.0 = Debug|Any CPU
		{AA9CEE1B-E78C-4F3D-B48D-792113B04FB5}.Debug|ARM.ActiveCfg = Debug|ARM
		{AA9CEE1B-E78C-4F3D-B48D-792113B04FB5}.Debug|ARM.Build.0 = Debug|ARM
		{AA9CEE1B-E78C-4F3D-B48D-792113B04FB5}.Debug|ARM.Deploy.0 = Debug|ARM
		{AA9CEE1B-E78C-4F3D-B48D-792113B04FB5}.Debug|x64.ActiveCfg = Debug|Any CPU
		{AA9CEE1B-E78C-4F3D-B48D-792113B04FB5}.Debug|x86.ActiveCfg = Debug|x86
		{AA9CEE1B-E78C-4F3D-B48D-792113B04FB5}.Debug|x86.Build.0 = Debug|x86
		{AA9CEE1B-E78C-4F3D-B48D-792113B04FB5}.Debug|x86.Deploy.0 = Debug|x86
		{AA9CEE1B-E78C-4F3D-B48D-792113B04FB5}.Release|Any CPU.ActiveCfg = Release|Any CPU
		{AA9CEE1B-E78C-4F3D-B48D-792113B04FB5}.Release|Any CPU.Build.0 = Release|Any CPU
		{AA9CEE1B-E78C-4F3D-B48D-792113B04FB5}.Release|Any CPU.Deploy.0 = Release|Any CPU
		{AA9CEE1B-E78C-4F3D-B48D-792113B04FB5}.Release|ARM.ActiveCfg = Release|ARM
		{AA9CEE1B-E78C-4F3D-B48D-792113B04FB5}.Release|ARM.Build.0 = Release|ARM
		{AA9CEE1B-E78C-4F3D-B48D-792113B04FB5}.Release|ARM.Deploy.0 = Release|ARM
		{AA9CEE1B-E78C-4F3D-B48D-792113B04FB5}.Release|x64.ActiveCfg = Release|Any CPU
		{AA9CEE1B-E78C-4F3D-B48D-792113B04FB5}.Release|x86.ActiveCfg = Release|x86
		{AA9CEE1B-E78C-4F3D-B48D-792113B04FB5}.Release|x86.Build.0 = Release|x86
		{AA9CEE1B-E78C-4F3D-B48D-792113B04FB5}.Release|x86.Deploy.0 = Release|x86
	EndGlobalSection
	GlobalSection(SolutionProperties) = preSolution
		HideSolutionNode = FALSE
	EndGlobalSection
	GlobalSection(NestedProjects) = preSolution
		{01CEA068-D7BB-44C6-9AD0-DE63859B7F32} = {D83B779B-5358-4873-83D4-2AA299BAE07E}
	EndGlobalSection
EndGlobal
