
Microsoft Visual Studio Solution File, Format Version 12.00
# Visual Studio 2013
VisualStudioVersion = 12.0.31101.0
MinimumVisualStudioVersion = 10.0.40219.1
Project("{2150E333-8FDC-42A3-9474-1A3956D46DE8}") = "CollectionsProject", "CollectionsProject", "{FA2D7C4F-77DC-43CB-B1EB-4B1D731A5CB5}"
EndProject
Project("{D954291E-2A0B-460D-934E-DC6B0785DB48}") = "CollectionsProject.Shared", "CollectionsProject\CollectionsProject.Shared\CollectionsProject.Shared.shproj", "{AC352FA2-C7AB-4100-9096-709E44F9F211}"
EndProject
Project("{FAE04EC0-301F-11D3-BF4B-00C04F79EFBC}") = "CollectionsProject.Windows", "CollectionsProject\CollectionsProject.Windows\CollectionsProject.Windows.csproj", "{E47B210C-C6F3-4583-87EA-D8DC894AB6F4}"
EndProject
Project("{FAE04EC0-301F-11D3-BF4B-00C04F79EFBC}") = "CollectionsProject.WindowsPhone", "CollectionsProject\CollectionsProject.WindowsPhone\CollectionsProject.WindowsPhone.csproj", "{82DC3499-3DAD-437D-ADAA-899AE8DE63F7}"
EndProject
Global
	GlobalSection(SharedMSBuildProjectFiles) = preSolution
		CollectionsProject\CollectionsProject.Shared\CollectionsProject.Shared.projitems*{e47b210c-c6f3-4583-87ea-d8dc894ab6f4}*SharedItemsImports = 4
		CollectionsProject\CollectionsProject.Shared\CollectionsProject.Shared.projitems*{ac352fa2-c7ab-4100-9096-709e44f9f211}*SharedItemsImports = 13
		CollectionsProject\CollectionsProject.Shared\CollectionsProject.Shared.projitems*{82dc3499-3dad-437d-adaa-899ae8de63f7}*SharedItemsImports = 4
	EndGlobalSection
	GlobalSection(SolutionConfigurationPlatforms) = preSolution
		Debug|Any CPU = Debug|Any CPU
		Debug|ARM = Debug|ARM
		Debug|x64 = Debug|x64
		Debug|x86 = Debug|x86
		Release|Any CPU = Release|Any CPU
		Release|ARM = Release|ARM
		Release|x64 = Release|x64
		Release|x86 = Release|x86
	EndGlobalSection
	GlobalSection(ProjectConfigurationPlatforms) = postSolution
		{E47B210C-C6F3-4583-87EA-D8DC894AB6F4}.Debug|Any CPU.ActiveCfg = Debug|Any CPU
		{E47B210C-C6F3-4583-87EA-D8DC894AB6F4}.Debug|Any CPU.Build.0 = Debug|Any CPU
		{E47B210C-C6F3-4583-87EA-D8DC894AB6F4}.Debug|Any CPU.Deploy.0 = Debug|Any CPU
		{E47B210C-C6F3-4583-87EA-D8DC894AB6F4}.Debug|ARM.ActiveCfg = Debug|ARM
		{E47B210C-C6F3-4583-87EA-D8DC894AB6F4}.Debug|ARM.Build.0 = Debug|ARM
		{E47B210C-C6F3-4583-87EA-D8DC894AB6F4}.Debug|ARM.Deploy.0 = Debug|ARM
		{E47B210C-C6F3-4583-87EA-D8DC894AB6F4}.Debug|x64.ActiveCfg = Debug|x64
		{E47B210C-C6F3-4583-87EA-D8DC894AB6F4}.Debug|x64.Build.0 = Debug|x64
		{E47B210C-C6F3-4583-87EA-D8DC894AB6F4}.Debug|x64.Deploy.0 = Debug|x64
		{E47B210C-C6F3-4583-87EA-D8DC894AB6F4}.Debug|x86.ActiveCfg = Debug|x86
		{E47B210C-C6F3-4583-87EA-D8DC894AB6F4}.Debug|x86.Build.0 = Debug|x86
		{E47B210C-C6F3-4583-87EA-D8DC894AB6F4}.Debug|x86.Deploy.0 = Debug|x86
		{E47B210C-C6F3-4583-87EA-D8DC894AB6F4}.Release|Any CPU.ActiveCfg = Release|Any CPU
		{E47B210C-C6F3-4583-87EA-D8DC894AB6F4}.Release|Any CPU.Build.0 = Release|Any CPU
		{E47B210C-C6F3-4583-87EA-D8DC894AB6F4}.Release|Any CPU.Deploy.0 = Release|Any CPU
		{E47B210C-C6F3-4583-87EA-D8DC894AB6F4}.Release|ARM.ActiveCfg = Release|ARM
		{E47B210C-C6F3-4583-87EA-D8DC894AB6F4}.Release|ARM.Build.0 = Release|ARM
		{E47B210C-C6F3-4583-87EA-D8DC894AB6F4}.Release|ARM.Deploy.0 = Release|ARM
		{E47B210C-C6F3-4583-87EA-D8DC894AB6F4}.Release|x64.ActiveCfg = Release|x64
		{E47B210C-C6F3-4583-87EA-D8DC894AB6F4}.Release|x64.Build.0 = Release|x64
		{E47B210C-C6F3-4583-87EA-D8DC894AB6F4}.Release|x64.Deploy.0 = Release|x64
		{E47B210C-C6F3-4583-87EA-D8DC894AB6F4}.Release|x86.ActiveCfg = Release|x86
		{E47B210C-C6F3-4583-87EA-D8DC894AB6F4}.Release|x86.Build.0 = Release|x86
		{E47B210C-C6F3-4583-87EA-D8DC894AB6F4}.Release|x86.Deploy.0 = Release|x86
		{82DC3499-3DAD-437D-ADAA-899AE8DE63F7}.Debug|Any CPU.ActiveCfg = Debug|Any CPU
		{82DC3499-3DAD-437D-ADAA-899AE8DE63F7}.Debug|Any CPU.Build.0 = Debug|Any CPU
		{82DC3499-3DAD-437D-ADAA-899AE8DE63F7}.Debug|Any CPU.Deploy.0 = Debug|Any CPU
		{82DC3499-3DAD-437D-ADAA-899AE8DE63F7}.Debug|ARM.ActiveCfg = Debug|ARM
		{82DC3499-3DAD-437D-ADAA-899AE8DE63F7}.Debug|ARM.Build.0 = Debug|ARM
		{82DC3499-3DAD-437D-ADAA-899AE8DE63F7}.Debug|ARM.Deploy.0 = Debug|ARM
		{82DC3499-3DAD-437D-ADAA-899AE8DE63F7}.Debug|x64.ActiveCfg = Debug|Any CPU
		{82DC3499-3DAD-437D-ADAA-899AE8DE63F7}.Debug|x86.ActiveCfg = Debug|x86
		{82DC3499-3DAD-437D-ADAA-899AE8DE63F7}.Debug|x86.Build.0 = Debug|x86
		{82DC3499-3DAD-437D-ADAA-899AE8DE63F7}.Debug|x86.Deploy.0 = Debug|x86
		{82DC3499-3DAD-437D-ADAA-899AE8DE63F7}.Release|Any CPU.ActiveCfg = Release|Any CPU
		{82DC3499-3DAD-437D-ADAA-899AE8DE63F7}.Release|Any CPU.Build.0 = Release|Any CPU
		{82DC3499-3DAD-437D-ADAA-899AE8DE63F7}.Release|Any CPU.Deploy.0 = Release|Any CPU
		{82DC3499-3DAD-437D-ADAA-899AE8DE63F7}.Release|ARM.ActiveCfg = Release|ARM
		{82DC3499-3DAD-437D-ADAA-899AE8DE63F7}.Release|ARM.Build.0 = Release|ARM
		{82DC3499-3DAD-437D-ADAA-899AE8DE63F7}.Release|ARM.Deploy.0 = Release|ARM
		{82DC3499-3DAD-437D-ADAA-899AE8DE63F7}.Release|x64.ActiveCfg = Release|Any CPU
		{82DC3499-3DAD-437D-ADAA-899AE8DE63F7}.Release|x86.ActiveCfg = Release|x86
		{82DC3499-3DAD-437D-ADAA-899AE8DE63F7}.Release|x86.Build.0 = Release|x86
		{82DC3499-3DAD-437D-ADAA-899AE8DE63F7}.Release|x86.Deploy.0 = Release|x86
	EndGlobalSection
	GlobalSection(SolutionProperties) = preSolution
		HideSolutionNode = FALSE
	EndGlobalSection
	GlobalSection(NestedProjects) = preSolution
		{AC352FA2-C7AB-4100-9096-709E44F9F211} = {FA2D7C4F-77DC-43CB-B1EB-4B1D731A5CB5}
		{E47B210C-C6F3-4583-87EA-D8DC894AB6F4} = {FA2D7C4F-77DC-43CB-B1EB-4B1D731A5CB5}
		{82DC3499-3DAD-437D-ADAA-899AE8DE63F7} = {FA2D7C4F-77DC-43CB-B1EB-4B1D731A5CB5}
	EndGlobalSection
EndGlobal
